// !$*UTF8*$!
{
	archiveVersion = 1;
	classes = {
	};
	objectVersion = 46;
	objects = {

/* Begin PBXBuildFile section */
		12A75BDB18A8866E005BF028 /* PostCell.m in Sources */ = {isa = PBXBuildFile; fileRef = 12A75BDA18A8866E005BF028 /* PostCell.m */; };
		12A75BDE18A8ACD1005BF028 /* UIImage+NBA.m in Sources */ = {isa = PBXBuildFile; fileRef = 12A75BDD18A8ACD1005BF028 /* UIImage+NBA.m */; };
		12A75BE518AA0FBC005BF028 /* UpArrowLight.png in Resources */ = {isa = PBXBuildFile; fileRef = 12A75BE118AA0FBC005BF028 /* UpArrowLight.png */; };
		12A75BE618AA0FBC005BF028 /* DownArrowLight.png in Resources */ = {isa = PBXBuildFile; fileRef = 12A75BE218AA0FBC005BF028 /* DownArrowLight.png */; };
		12A75BE918AA103C005BF028 /* DownArrow.png in Resources */ = {isa = PBXBuildFile; fileRef = 12A75BE718AA103C005BF028 /* DownArrow.png */; };
		12A75BEA18AA103C005BF028 /* UpArrow.png in Resources */ = {isa = PBXBuildFile; fileRef = 12A75BE818AA103C005BF028 /* UpArrow.png */; };
		12A75BED18AB3E23005BF028 /* PostObject.m in Sources */ = {isa = PBXBuildFile; fileRef = 12A75BEC18AB3E23005BF028 /* PostObject.m */; };
		12D226A018AB747200B255CB /* Reachability.m in Sources */ = {isa = PBXBuildFile; fileRef = 12D2269F18AB747200B255CB /* Reachability.m */; };
		12D226A218AB74AB00B255CB /* SystemConfiguration.framework in Frameworks */ = {isa = PBXBuildFile; fileRef = 12D226A118AB74AB00B255CB /* SystemConfiguration.framework */; };
		12D226A518ADC45D00B255CB /* DownArrowGrey.png in Resources */ = {isa = PBXBuildFile; fileRef = 12D226A318ADC45D00B255CB /* DownArrowGrey.png */; };
		12D226A618ADC45D00B255CB /* UpArrowGrey.png in Resources */ = {isa = PBXBuildFile; fileRef = 12D226A418ADC45D00B255CB /* UpArrowGrey.png */; };
		2176D0C7C59648E1809AA29F /* libPods.a in Frameworks */ = {isa = PBXBuildFile; fileRef = 0AB1D6FFE7AE4ACFBD18F584 /* libPods.a */; };
		5A1B18DD187E5190004F4D2B /* redditlogo2.png in Resources */ = {isa = PBXBuildFile; fileRef = 5A1B18DC187E5190004F4D2B /* redditlogo2.png */; };
		5A1B18DF187E557C004F4D2B /* redditlogo3.png in Resources */ = {isa = PBXBuildFile; fileRef = 5A1B18DE187E557C004F4D2B /* redditlogo3.png */; };
		5A1B18E1187E57B5004F4D2B /* twitterlogo.png in Resources */ = {isa = PBXBuildFile; fileRef = 5A1B18E0187E57B5004F4D2B /* twitterlogo.png */; };
		5A1B18E5187E5A30004F4D2B /* reddit.png in Resources */ = {isa = PBXBuildFile; fileRef = 5A1B18E4187E5A30004F4D2B /* reddit.png */; };
		5A1B18E7187E5B04004F4D2B /* number1.1.png in Resources */ = {isa = PBXBuildFile; fileRef = 5A1B18E6187E5B04004F4D2B /* number1.1.png */; };
		5A1B18EA187E7482004F4D2B /* WebViewController.m in Sources */ = {isa = PBXBuildFile; fileRef = 5A1B18E9187E7482004F4D2B /* WebViewController.m */; };
		5A1B18EC187FAAA1004F4D2B /* Twitter.framework in Frameworks */ = {isa = PBXBuildFile; fileRef = 5A1B18EB187FAAA1004F4D2B /* Twitter.framework */; };
		5ABC032318581D53002CFEEC /* Foundation.framework in Frameworks */ = {isa = PBXBuildFile; fileRef = 5ABC032218581D53002CFEEC /* Foundation.framework */; };
		5ABC032518581D53002CFEEC /* CoreGraphics.framework in Frameworks */ = {isa = PBXBuildFile; fileRef = 5ABC032418581D53002CFEEC /* CoreGraphics.framework */; };
		5ABC032718581D53002CFEEC /* UIKit.framework in Frameworks */ = {isa = PBXBuildFile; fileRef = 5ABC032618581D53002CFEEC /* UIKit.framework */; };
		5ABC032D18581D53002CFEEC /* InfoPlist.strings in Resources */ = {isa = PBXBuildFile; fileRef = 5ABC032B18581D53002CFEEC /* InfoPlist.strings */; };
		5ABC032F18581D53002CFEEC /* main.m in Sources */ = {isa = PBXBuildFile; fileRef = 5ABC032E18581D53002CFEEC /* main.m */; };
		5ABC033318581D53002CFEEC /* AppDelegate.m in Sources */ = {isa = PBXBuildFile; fileRef = 5ABC033218581D53002CFEEC /* AppDelegate.m */; };
		5ABC033618581D53002CFEEC /* Main.storyboard in Resources */ = {isa = PBXBuildFile; fileRef = 5ABC033418581D53002CFEEC /* Main.storyboard */; };
		5ABC033918581D53002CFEEC /* ViewController.m in Sources */ = {isa = PBXBuildFile; fileRef = 5ABC033818581D53002CFEEC /* ViewController.m */; };
		5ABC033B18581D53002CFEEC /* Images.xcassets in Resources */ = {isa = PBXBuildFile; fileRef = 5ABC033A18581D53002CFEEC /* Images.xcassets */; };
		5ABC034218581D53002CFEEC /* XCTest.framework in Frameworks */ = {isa = PBXBuildFile; fileRef = 5ABC034118581D53002CFEEC /* XCTest.framework */; };
		5ABC034318581D53002CFEEC /* Foundation.framework in Frameworks */ = {isa = PBXBuildFile; fileRef = 5ABC032218581D53002CFEEC /* Foundation.framework */; };
		5ABC034418581D53002CFEEC /* UIKit.framework in Frameworks */ = {isa = PBXBuildFile; fileRef = 5ABC032618581D53002CFEEC /* UIKit.framework */; };
		5ABC034C18581D53002CFEEC /* InfoPlist.strings in Resources */ = {isa = PBXBuildFile; fileRef = 5ABC034A18581D53002CFEEC /* InfoPlist.strings */; };
		5ABC034E18581D53002CFEEC /* tableViewPromoTests.m in Sources */ = {isa = PBXBuildFile; fileRef = 5ABC034D18581D53002CFEEC /* tableViewPromoTests.m */; };
		5ABC035818582098002CFEEC /* PropertyList.plist in Resources */ = {isa = PBXBuildFile; fileRef = 5ABC035718582098002CFEEC /* PropertyList.plist */; };
		5ABC03B51859A55E002CFEEC /* Accounts.framework in Frameworks */ = {isa = PBXBuildFile; fileRef = 5ABC03B41859A55E002CFEEC /* Accounts.framework */; };
		5ABC03B71859A57A002CFEEC /* Social.framework in Frameworks */ = {isa = PBXBuildFile; fileRef = 5ABC03B61859A57A002CFEEC /* Social.framework */; };
		5ABC03C4185ACAC1002CFEEC /* number1.png in Resources */ = {isa = PBXBuildFile; fileRef = 5ABC03BB185ACAC1002CFEEC /* number1.png */; };
		5ABC03C5185ACAC1002CFEEC /* number2.png in Resources */ = {isa = PBXBuildFile; fileRef = 5ABC03BC185ACAC1002CFEEC /* number2.png */; };
		5ABC03C6185ACAC1002CFEEC /* number3.png in Resources */ = {isa = PBXBuildFile; fileRef = 5ABC03BD185ACAC1002CFEEC /* number3.png */; };
		5ABC03C7185ACAC1002CFEEC /* number4.png in Resources */ = {isa = PBXBuildFile; fileRef = 5ABC03BE185ACAC1002CFEEC /* number4.png */; };
		5ABC03C8185ACAC1002CFEEC /* number5.png in Resources */ = {isa = PBXBuildFile; fileRef = 5ABC03BF185ACAC1002CFEEC /* number5.png */; };
		5ABC03C9185ACAC1002CFEEC /* number6.png in Resources */ = {isa = PBXBuildFile; fileRef = 5ABC03C0185ACAC1002CFEEC /* number6.png */; };
		5ABC03CA185ACAC1002CFEEC /* number7.png in Resources */ = {isa = PBXBuildFile; fileRef = 5ABC03C1185ACAC1002CFEEC /* number7.png */; };
		5ABC03CB185ACAC1002CFEEC /* number8.png in Resources */ = {isa = PBXBuildFile; fileRef = 5ABC03C2185ACAC1002CFEEC /* number8.png */; };
		5ABC03CC185ACAC1002CFEEC /* number9.png in Resources */ = {isa = PBXBuildFile; fileRef = 5ABC03C3185ACAC1002CFEEC /* number9.png */; };
		5AC8641118ECEBEF00715160 /* CustomSegue.m in Sources */ = {isa = PBXBuildFile; fileRef = 5AC8641018ECEBEF00715160 /* CustomSegue.m */; };
/* End PBXBuildFile section */

/* Begin PBXContainerItemProxy section */
		5ABC034518581D53002CFEEC /* PBXContainerItemProxy */ = {
			isa = PBXContainerItemProxy;
			containerPortal = 5ABC031718581D53002CFEEC /* Project object */;
			proxyType = 1;
			remoteGlobalIDString = 5ABC031E18581D53002CFEEC;
			remoteInfo = tableViewPromo;
		};
/* End PBXContainerItemProxy section */

/* Begin PBXFileReference section */
		0AB1D6FFE7AE4ACFBD18F584 /* libPods.a */ = {isa = PBXFileReference; explicitFileType = archive.ar; includeInIndex = 0; path = libPods.a; sourceTree = BUILT_PRODUCTS_DIR; };
		12A75BD918A8866E005BF028 /* PostCell.h */ = {isa = PBXFileReference; fileEncoding = 4; lastKnownFileType = sourcecode.c.h; path = PostCell.h; sourceTree = "<group>"; };
		12A75BDA18A8866E005BF028 /* PostCell.m */ = {isa = PBXFileReference; fileEncoding = 4; lastKnownFileType = sourcecode.c.objc; path = PostCell.m; sourceTree = "<group>"; };
		12A75BDC18A8ACD1005BF028 /* UIImage+NBA.h */ = {isa = PBXFileReference; fileEncoding = 4; lastKnownFileType = sourcecode.c.h; path = "UIImage+NBA.h"; sourceTree = "<group>"; };
		12A75BDD18A8ACD1005BF028 /* UIImage+NBA.m */ = {isa = PBXFileReference; fileEncoding = 4; lastKnownFileType = sourcecode.c.objc; path = "UIImage+NBA.m"; sourceTree = "<group>"; };
		12A75BE118AA0FBC005BF028 /* UpArrowLight.png */ = {isa = PBXFileReference; lastKnownFileType = image.png; path = UpArrowLight.png; sourceTree = "<group>"; };
		12A75BE218AA0FBC005BF028 /* DownArrowLight.png */ = {isa = PBXFileReference; lastKnownFileType = image.png; path = DownArrowLight.png; sourceTree = "<group>"; };
		12A75BE718AA103C005BF028 /* DownArrow.png */ = {isa = PBXFileReference; lastKnownFileType = image.png; name = DownArrow.png; path = ../../DownArrow.png; sourceTree = "<group>"; };
		12A75BE818AA103C005BF028 /* UpArrow.png */ = {isa = PBXFileReference; lastKnownFileType = image.png; name = UpArrow.png; path = ../../UpArrow.png; sourceTree = "<group>"; };
		12A75BEB18AB3E23005BF028 /* PostObject.h */ = {isa = PBXFileReference; fileEncoding = 4; lastKnownFileType = sourcecode.c.h; path = PostObject.h; sourceTree = "<group>"; };
		12A75BEC18AB3E23005BF028 /* PostObject.m */ = {isa = PBXFileReference; fileEncoding = 4; lastKnownFileType = sourcecode.c.objc; path = PostObject.m; sourceTree = "<group>"; };
		12D2269E18AB746500B255CB /* Reachability.h */ = {isa = PBXFileReference; lastKnownFileType = sourcecode.c.h; path = Reachability.h; sourceTree = "<group>"; };
		12D2269F18AB747200B255CB /* Reachability.m */ = {isa = PBXFileReference; fileEncoding = 4; lastKnownFileType = sourcecode.c.objc; path = Reachability.m; sourceTree = "<group>"; };
		12D226A118AB74AB00B255CB /* SystemConfiguration.framework */ = {isa = PBXFileReference; lastKnownFileType = wrapper.framework; name = SystemConfiguration.framework; path = System/Library/Frameworks/SystemConfiguration.framework; sourceTree = SDKROOT; };
		12D226A318ADC45D00B255CB /* DownArrowGrey.png */ = {isa = PBXFileReference; lastKnownFileType = image.png; path = DownArrowGrey.png; sourceTree = "<group>"; };
		12D226A418ADC45D00B255CB /* UpArrowGrey.png */ = {isa = PBXFileReference; lastKnownFileType = image.png; path = UpArrowGrey.png; sourceTree = "<group>"; };
		5A1B18DC187E5190004F4D2B /* redditlogo2.png */ = {isa = PBXFileReference; lastKnownFileType = image.png; path = redditlogo2.png; sourceTree = "<group>"; };
		5A1B18DE187E557C004F4D2B /* redditlogo3.png */ = {isa = PBXFileReference; lastKnownFileType = image.png; path = redditlogo3.png; sourceTree = "<group>"; };
		5A1B18E0187E57B5004F4D2B /* twitterlogo.png */ = {isa = PBXFileReference; lastKnownFileType = image.png; path = twitterlogo.png; sourceTree = "<group>"; };
		5A1B18E4187E5A30004F4D2B /* reddit.png */ = {isa = PBXFileReference; lastKnownFileType = image.png; path = reddit.png; sourceTree = "<group>"; };
		5A1B18E6187E5B04004F4D2B /* number1.1.png */ = {isa = PBXFileReference; lastKnownFileType = image.png; path = number1.1.png; sourceTree = "<group>"; };
		5A1B18E8187E7482004F4D2B /* WebViewController.h */ = {isa = PBXFileReference; fileEncoding = 4; lastKnownFileType = sourcecode.c.h; path = WebViewController.h; sourceTree = "<group>"; };
		5A1B18E9187E7482004F4D2B /* WebViewController.m */ = {isa = PBXFileReference; fileEncoding = 4; lastKnownFileType = sourcecode.c.objc; path = WebViewController.m; sourceTree = "<group>"; };
		5A1B18EB187FAAA1004F4D2B /* Twitter.framework */ = {isa = PBXFileReference; lastKnownFileType = wrapper.framework; name = Twitter.framework; path = System/Library/Frameworks/Twitter.framework; sourceTree = SDKROOT; };
		5ABC031F18581D53002CFEEC /* tableViewPromo.app */ = {isa = PBXFileReference; explicitFileType = wrapper.application; includeInIndex = 0; path = tableViewPromo.app; sourceTree = BUILT_PRODUCTS_DIR; };
		5ABC032218581D53002CFEEC /* Foundation.framework */ = {isa = PBXFileReference; lastKnownFileType = wrapper.framework; name = Foundation.framework; path = System/Library/Frameworks/Foundation.framework; sourceTree = SDKROOT; };
		5ABC032418581D53002CFEEC /* CoreGraphics.framework */ = {isa = PBXFileReference; lastKnownFileType = wrapper.framework; name = CoreGraphics.framework; path = System/Library/Frameworks/CoreGraphics.framework; sourceTree = SDKROOT; };
		5ABC032618581D53002CFEEC /* UIKit.framework */ = {isa = PBXFileReference; lastKnownFileType = wrapper.framework; name = UIKit.framework; path = System/Library/Frameworks/UIKit.framework; sourceTree = SDKROOT; };
		5ABC032A18581D53002CFEEC /* tableViewPromo-Info.plist */ = {isa = PBXFileReference; lastKnownFileType = text.plist.xml; path = "tableViewPromo-Info.plist"; sourceTree = "<group>"; };
		5ABC032C18581D53002CFEEC /* en */ = {isa = PBXFileReference; lastKnownFileType = text.plist.strings; name = en; path = en.lproj/InfoPlist.strings; sourceTree = "<group>"; };
		5ABC032E18581D53002CFEEC /* main.m */ = {isa = PBXFileReference; lastKnownFileType = sourcecode.c.objc; path = main.m; sourceTree = "<group>"; };
		5ABC033018581D53002CFEEC /* tableViewPromo-Prefix.pch */ = {isa = PBXFileReference; lastKnownFileType = sourcecode.c.h; path = "tableViewPromo-Prefix.pch"; sourceTree = "<group>"; };
		5ABC033118581D53002CFEEC /* AppDelegate.h */ = {isa = PBXFileReference; lastKnownFileType = sourcecode.c.h; path = AppDelegate.h; sourceTree = "<group>"; };
		5ABC033218581D53002CFEEC /* AppDelegate.m */ = {isa = PBXFileReference; lastKnownFileType = sourcecode.c.objc; path = AppDelegate.m; sourceTree = "<group>"; };
		5ABC033518581D53002CFEEC /* Base */ = {isa = PBXFileReference; lastKnownFileType = file.storyboard; name = Base; path = Base.lproj/Main.storyboard; sourceTree = "<group>"; };
		5ABC033718581D53002CFEEC /* ViewController.h */ = {isa = PBXFileReference; lastKnownFileType = sourcecode.c.h; path = ViewController.h; sourceTree = "<group>"; };
		5ABC033818581D53002CFEEC /* ViewController.m */ = {isa = PBXFileReference; lastKnownFileType = sourcecode.c.objc; path = ViewController.m; sourceTree = "<group>"; };
		5ABC033A18581D53002CFEEC /* Images.xcassets */ = {isa = PBXFileReference; lastKnownFileType = folder.assetcatalog; path = Images.xcassets; sourceTree = "<group>"; };
		5ABC034018581D53002CFEEC /* tableViewPromoTests.xctest */ = {isa = PBXFileReference; explicitFileType = wrapper.cfbundle; includeInIndex = 0; path = tableViewPromoTests.xctest; sourceTree = BUILT_PRODUCTS_DIR; };
		5ABC034118581D53002CFEEC /* XCTest.framework */ = {isa = PBXFileReference; lastKnownFileType = wrapper.framework; name = XCTest.framework; path = Library/Frameworks/XCTest.framework; sourceTree = DEVELOPER_DIR; };
		5ABC034918581D53002CFEEC /* tableViewPromoTests-Info.plist */ = {isa = PBXFileReference; lastKnownFileType = text.plist.xml; path = "tableViewPromoTests-Info.plist"; sourceTree = "<group>"; };
		5ABC034B18581D53002CFEEC /* en */ = {isa = PBXFileReference; lastKnownFileType = text.plist.strings; name = en; path = en.lproj/InfoPlist.strings; sourceTree = "<group>"; };
		5ABC034D18581D53002CFEEC /* tableViewPromoTests.m */ = {isa = PBXFileReference; lastKnownFileType = sourcecode.c.objc; path = tableViewPromoTests.m; sourceTree = "<group>"; };
		5ABC035718582098002CFEEC /* PropertyList.plist */ = {isa = PBXFileReference; fileEncoding = 4; lastKnownFileType = text.plist.xml; path = PropertyList.plist; sourceTree = "<group>"; };
		5ABC03B41859A55E002CFEEC /* Accounts.framework */ = {isa = PBXFileReference; lastKnownFileType = wrapper.framework; name = Accounts.framework; path = System/Library/Frameworks/Accounts.framework; sourceTree = SDKROOT; };
		5ABC03B61859A57A002CFEEC /* Social.framework */ = {isa = PBXFileReference; lastKnownFileType = wrapper.framework; name = Social.framework; path = System/Library/Frameworks/Social.framework; sourceTree = SDKROOT; };
		5ABC03BB185ACAC1002CFEEC /* number1.png */ = {isa = PBXFileReference; lastKnownFileType = image.png; path = number1.png; sourceTree = "<group>"; };
		5ABC03BC185ACAC1002CFEEC /* number2.png */ = {isa = PBXFileReference; lastKnownFileType = image.png; path = number2.png; sourceTree = "<group>"; };
		5ABC03BD185ACAC1002CFEEC /* number3.png */ = {isa = PBXFileReference; lastKnownFileType = image.png; path = number3.png; sourceTree = "<group>"; };
		5ABC03BE185ACAC1002CFEEC /* number4.png */ = {isa = PBXFileReference; lastKnownFileType = image.png; path = number4.png; sourceTree = "<group>"; };
		5ABC03BF185ACAC1002CFEEC /* number5.png */ = {isa = PBXFileReference; lastKnownFileType = image.png; path = number5.png; sourceTree = "<group>"; };
		5ABC03C0185ACAC1002CFEEC /* number6.png */ = {isa = PBXFileReference; lastKnownFileType = image.png; path = number6.png; sourceTree = "<group>"; };
		5ABC03C1185ACAC1002CFEEC /* number7.png */ = {isa = PBXFileReference; lastKnownFileType = image.png; path = number7.png; sourceTree = "<group>"; };
		5ABC03C2185ACAC1002CFEEC /* number8.png */ = {isa = PBXFileReference; lastKnownFileType = image.png; path = number8.png; sourceTree = "<group>"; };
		5ABC03C3185ACAC1002CFEEC /* number9.png */ = {isa = PBXFileReference; lastKnownFileType = image.png; path = number9.png; sourceTree = "<group>"; };
		5AC8640F18ECEBEF00715160 /* CustomSegue.h */ = {isa = PBXFileReference; fileEncoding = 4; lastKnownFileType = sourcecode.c.h; path = CustomSegue.h; sourceTree = "<group>"; };
		5AC8641018ECEBEF00715160 /* CustomSegue.m */ = {isa = PBXFileReference; fileEncoding = 4; lastKnownFileType = sourcecode.c.objc; path = CustomSegue.m; sourceTree = "<group>"; };
		CF48EA94FA7A4EFDBDF779AB /* Pods.xcconfig */ = {isa = PBXFileReference; includeInIndex = 1; lastKnownFileType = text.xcconfig; name = Pods.xcconfig; path = Pods/Pods.xcconfig; sourceTree = "<group>"; };
/* End PBXFileReference section */

/* Begin PBXFrameworksBuildPhase section */
		5ABC031C18581D53002CFEEC /* Frameworks */ = {
			isa = PBXFrameworksBuildPhase;
			buildActionMask = 2147483647;
			files = (
				12D226A218AB74AB00B255CB /* SystemConfiguration.framework in Frameworks */,
				5A1B18EC187FAAA1004F4D2B /* Twitter.framework in Frameworks */,
				5ABC03B71859A57A002CFEEC /* Social.framework in Frameworks */,
				5ABC03B51859A55E002CFEEC /* Accounts.framework in Frameworks */,
				5ABC032518581D53002CFEEC /* CoreGraphics.framework in Frameworks */,
				5ABC032718581D53002CFEEC /* UIKit.framework in Frameworks */,
				5ABC032318581D53002CFEEC /* Foundation.framework in Frameworks */,
				2176D0C7C59648E1809AA29F /* libPods.a in Frameworks */,
			);
			runOnlyForDeploymentPostprocessing = 0;
		};
		5ABC033D18581D53002CFEEC /* Frameworks */ = {
			isa = PBXFrameworksBuildPhase;
			buildActionMask = 2147483647;
			files = (
				5ABC034218581D53002CFEEC /* XCTest.framework in Frameworks */,
				5ABC034418581D53002CFEEC /* UIKit.framework in Frameworks */,
				5ABC034318581D53002CFEEC /* Foundation.framework in Frameworks */,
			);
			runOnlyForDeploymentPostprocessing = 0;
		};
/* End PBXFrameworksBuildPhase section */

/* Begin PBXGroup section */
		5ABC031618581D53002CFEEC = {
			isa = PBXGroup;
			children = (
				5ABC032818581D53002CFEEC /* tableViewPromo */,
				5ABC034718581D53002CFEEC /* tableViewPromoTests */,
				5ABC032118581D53002CFEEC /* Frameworks */,
				5ABC032018581D53002CFEEC /* Products */,
				CF48EA94FA7A4EFDBDF779AB /* Pods.xcconfig */,
			);
			sourceTree = "<group>";
		};
		5ABC032018581D53002CFEEC /* Products */ = {
			isa = PBXGroup;
			children = (
				5ABC031F18581D53002CFEEC /* tableViewPromo.app */,
				5ABC034018581D53002CFEEC /* tableViewPromoTests.xctest */,
			);
			name = Products;
			sourceTree = "<group>";
		};
		5ABC032118581D53002CFEEC /* Frameworks */ = {
			isa = PBXGroup;
			children = (
				12D226A118AB74AB00B255CB /* SystemConfiguration.framework */,
				5A1B18EB187FAAA1004F4D2B /* Twitter.framework */,
				5ABC03B61859A57A002CFEEC /* Social.framework */,
				5ABC03B41859A55E002CFEEC /* Accounts.framework */,
				5ABC032218581D53002CFEEC /* Foundation.framework */,
				5ABC032418581D53002CFEEC /* CoreGraphics.framework */,
				5ABC032618581D53002CFEEC /* UIKit.framework */,
				5ABC034118581D53002CFEEC /* XCTest.framework */,
				0AB1D6FFE7AE4ACFBD18F584 /* libPods.a */,
			);
			name = Frameworks;
			sourceTree = "<group>";
		};
		5ABC032818581D53002CFEEC /* tableViewPromo */ = {
			isa = PBXGroup;
			children = (
				12D2269E18AB746500B255CB /* Reachability.h */,
				12D2269F18AB747200B255CB /* Reachability.m */,
				5ABC033118581D53002CFEEC /* AppDelegate.h */,
				5ABC033218581D53002CFEEC /* AppDelegate.m */,
				5ABC033418581D53002CFEEC /* Main.storyboard */,
				5AC8640F18ECEBEF00715160 /* CustomSegue.h */,
				5AC8641018ECEBEF00715160 /* CustomSegue.m */,
				5A1B18E8187E7482004F4D2B /* WebViewController.h */,
				5A1B18E9187E7482004F4D2B /* WebViewController.m */,
				5ABC033718581D53002CFEEC /* ViewController.h */,
				5ABC033818581D53002CFEEC /* ViewController.m */,
				12A75BEB18AB3E23005BF028 /* PostObject.h */,
				12A75BEC18AB3E23005BF028 /* PostObject.m */,
				12A75BDC18A8ACD1005BF028 /* UIImage+NBA.h */,
				12A75BDD18A8ACD1005BF028 /* UIImage+NBA.m */,
				12A75BD918A8866E005BF028 /* PostCell.h */,
				12A75BDA18A8866E005BF028 /* PostCell.m */,
				5ABC033A18581D53002CFEEC /* Images.xcassets */,
				5ABC032918581D53002CFEEC /* Supporting Files */,
				5ABC035C185968BC002CFEEC /* JSONParser */,
			);
			path = tableViewPromo;
			sourceTree = "<group>";
		};
		5ABC032918581D53002CFEEC /* Supporting Files */ = {
			isa = PBXGroup;
			children = (
				5ABC03BA185ACAC1002CFEEC /* pictures */,
				5ABC035718582098002CFEEC /* PropertyList.plist */,
				5ABC032A18581D53002CFEEC /* tableViewPromo-Info.plist */,
				5ABC032B18581D53002CFEEC /* InfoPlist.strings */,
				5ABC032E18581D53002CFEEC /* main.m */,
				5ABC033018581D53002CFEEC /* tableViewPromo-Prefix.pch */,
			);
			name = "Supporting Files";
			sourceTree = "<group>";
		};
		5ABC034718581D53002CFEEC /* tableViewPromoTests */ = {
			isa = PBXGroup;
			children = (
				5ABC034D18581D53002CFEEC /* tableViewPromoTests.m */,
				5ABC034818581D53002CFEEC /* Supporting Files */,
			);
			path = tableViewPromoTests;
			sourceTree = "<group>";
		};
		5ABC034818581D53002CFEEC /* Supporting Files */ = {
			isa = PBXGroup;
			children = (
				5ABC034918581D53002CFEEC /* tableViewPromoTests-Info.plist */,
				5ABC034A18581D53002CFEEC /* InfoPlist.strings */,
			);
			name = "Supporting Files";
			sourceTree = "<group>";
		};
		5ABC035C185968BC002CFEEC /* JSONParser */ = {
			isa = PBXGroup;
			children = (
			);
			name = JSONParser;
			sourceTree = "<group>";
		};
		5ABC03BA185ACAC1002CFEEC /* pictures */ = {
			isa = PBXGroup;
			children = (
				12D226A318ADC45D00B255CB /* DownArrowGrey.png */,
				12D226A418ADC45D00B255CB /* UpArrowGrey.png */,
				12A75BE718AA103C005BF028 /* DownArrow.png */,
				12A75BE818AA103C005BF028 /* UpArrow.png */,
				12A75BE118AA0FBC005BF028 /* UpArrowLight.png */,
				12A75BE218AA0FBC005BF028 /* DownArrowLight.png */,
				5A1B18E0187E57B5004F4D2B /* twitterlogo.png */,
				5A1B18DC187E5190004F4D2B /* redditlogo2.png */,
				5A1B18DE187E557C004F4D2B /* redditlogo3.png */,
				5ABC03BB185ACAC1002CFEEC /* number1.png */,
				5ABC03BC185ACAC1002CFEEC /* number2.png */,
				5ABC03BD185ACAC1002CFEEC /* number3.png */,
				5A1B18E4187E5A30004F4D2B /* reddit.png */,
				5A1B18E6187E5B04004F4D2B /* number1.1.png */,
				5ABC03BE185ACAC1002CFEEC /* number4.png */,
				5ABC03BF185ACAC1002CFEEC /* number5.png */,
				5ABC03C0185ACAC1002CFEEC /* number6.png */,
				5ABC03C1185ACAC1002CFEEC /* number7.png */,
				5ABC03C2185ACAC1002CFEEC /* number8.png */,
				5ABC03C3185ACAC1002CFEEC /* number9.png */,
			);
			name = pictures;
			path = numbers;
			sourceTree = "<group>";
		};
/* End PBXGroup section */

/* Begin PBXNativeTarget section */
		5ABC031E18581D53002CFEEC /* tableViewPromo */ = {
			isa = PBXNativeTarget;
			buildConfigurationList = 5ABC035118581D53002CFEEC /* Build configuration list for PBXNativeTarget "tableViewPromo" */;
			buildPhases = (
				30D213B22E78414BB6B306BE /* Check Pods Manifest.lock */,
				5ABC031B18581D53002CFEEC /* Sources */,
				5ABC031C18581D53002CFEEC /* Frameworks */,
				5ABC031D18581D53002CFEEC /* Resources */,
				6BE5E714D3B24E2980CC13F4 /* Copy Pods Resources */,
			);
			buildRules = (
			);
			dependencies = (
			);
			name = tableViewPromo;
			productName = tableViewPromo;
			productReference = 5ABC031F18581D53002CFEEC /* tableViewPromo.app */;
			productType = "com.apple.product-type.application";
		};
		5ABC033F18581D53002CFEEC /* tableViewPromoTests */ = {
			isa = PBXNativeTarget;
			buildConfigurationList = 5ABC035418581D53002CFEEC /* Build configuration list for PBXNativeTarget "tableViewPromoTests" */;
			buildPhases = (
				5ABC033C18581D53002CFEEC /* Sources */,
				5ABC033D18581D53002CFEEC /* Frameworks */,
				5ABC033E18581D53002CFEEC /* Resources */,
			);
			buildRules = (
			);
			dependencies = (
				5ABC034618581D53002CFEEC /* PBXTargetDependency */,
			);
			name = tableViewPromoTests;
			productName = tableViewPromoTests;
			productReference = 5ABC034018581D53002CFEEC /* tableViewPromoTests.xctest */;
			productType = "com.apple.product-type.bundle.unit-test";
		};
/* End PBXNativeTarget section */

/* Begin PBXProject section */
		5ABC031718581D53002CFEEC /* Project object */ = {
			isa = PBXProject;
			attributes = {
				LastUpgradeCheck = 0500;
				ORGANIZATIONNAME = "GIDEON ROSENTHAL";
				TargetAttributes = {
					5ABC031E18581D53002CFEEC = {
						DevelopmentTeam = YDYAC78ETQ;
					};
					5ABC033F18581D53002CFEEC = {
						TestTargetID = 5ABC031E18581D53002CFEEC;
					};
				};
			};
			buildConfigurationList = 5ABC031A18581D53002CFEEC /* Build configuration list for PBXProject "tableViewPromo" */;
			compatibilityVersion = "Xcode 3.2";
			developmentRegion = English;
			hasScannedForEncodings = 0;
			knownRegions = (
				en,
				Base,
			);
			mainGroup = 5ABC031618581D53002CFEEC;
			productRefGroup = 5ABC032018581D53002CFEEC /* Products */;
			projectDirPath = "";
			projectRoot = "";
			targets = (
				5ABC031E18581D53002CFEEC /* tableViewPromo */,
				5ABC033F18581D53002CFEEC /* tableViewPromoTests */,
			);
		};
/* End PBXProject section */

/* Begin PBXResourcesBuildPhase section */
		5ABC031D18581D53002CFEEC /* Resources */ = {
			isa = PBXResourcesBuildPhase;
			buildActionMask = 2147483647;
			files = (
				12A75BE618AA0FBC005BF028 /* DownArrowLight.png in Resources */,
				12D226A518ADC45D00B255CB /* DownArrowGrey.png in Resources */,
				12A75BE918AA103C005BF028 /* DownArrow.png in Resources */,
				5ABC03CB185ACAC1002CFEEC /* number8.png in Resources */,
				5ABC033B18581D53002CFEEC /* Images.xcassets in Resources */,
				5A1B18E5187E5A30004F4D2B /* reddit.png in Resources */,
				5A1B18DD187E5190004F4D2B /* redditlogo2.png in Resources */,
				5ABC03CA185ACAC1002CFEEC /* number7.png in Resources */,
				5ABC03C8185ACAC1002CFEEC /* number5.png in Resources */,
				5ABC03C6185ACAC1002CFEEC /* number3.png in Resources */,
				5A1B18E1187E57B5004F4D2B /* twitterlogo.png in Resources */,
				5ABC03C4185ACAC1002CFEEC /* number1.png in Resources */,
				5A1B18E7187E5B04004F4D2B /* number1.1.png in Resources */,
				5ABC032D18581D53002CFEEC /* InfoPlist.strings in Resources */,
				5ABC03C7185ACAC1002CFEEC /* number4.png in Resources */,
				12A75BEA18AA103C005BF028 /* UpArrow.png in Resources */,
				5ABC035818582098002CFEEC /* PropertyList.plist in Resources */,
				12D226A618ADC45D00B255CB /* UpArrowGrey.png in Resources */,
				5ABC03C5185ACAC1002CFEEC /* number2.png in Resources */,
				5A1B18DF187E557C004F4D2B /* redditlogo3.png in Resources */,
				5ABC033618581D53002CFEEC /* Main.storyboard in Resources */,
				12A75BE518AA0FBC005BF028 /* UpArrowLight.png in Resources */,
				5ABC03CC185ACAC1002CFEEC /* number9.png in Resources */,
				5ABC03C9185ACAC1002CFEEC /* number6.png in Resources */,
			);
			runOnlyForDeploymentPostprocessing = 0;
		};
		5ABC033E18581D53002CFEEC /* Resources */ = {
			isa = PBXResourcesBuildPhase;
			buildActionMask = 2147483647;
			files = (
				5ABC034C18581D53002CFEEC /* InfoPlist.strings in Resources */,
			);
			runOnlyForDeploymentPostprocessing = 0;
		};
/* End PBXResourcesBuildPhase section */

/* Begin PBXShellScriptBuildPhase section */
		30D213B22E78414BB6B306BE /* Check Pods Manifest.lock */ = {
			isa = PBXShellScriptBuildPhase;
			buildActionMask = 2147483647;
			files = (
			);
			inputPaths = (
			);
			name = "Check Pods Manifest.lock";
			outputPaths = (
			);
			runOnlyForDeploymentPostprocessing = 0;
			shellPath = /bin/sh;
			shellScript = "diff \"${PODS_ROOT}/../Podfile.lock\" \"${PODS_ROOT}/Manifest.lock\" > /dev/null\nif [[ $? != 0 ]] ; then\n    cat << EOM\nerror: The sandbox is not in sync with the Podfile.lock. Run 'pod install' or update your CocoaPods installation.\nEOM\n    exit 1\nfi\n";
			showEnvVarsInLog = 0;
		};
		6BE5E714D3B24E2980CC13F4 /* Copy Pods Resources */ = {
			isa = PBXShellScriptBuildPhase;
			buildActionMask = 2147483647;
			files = (
			);
			inputPaths = (
			);
			name = "Copy Pods Resources";
			outputPaths = (
			);
			runOnlyForDeploymentPostprocessing = 0;
			shellPath = /bin/sh;
			shellScript = "\"${SRCROOT}/Pods/Pods-resources.sh\"\n";
			showEnvVarsInLog = 0;
		};
/* End PBXShellScriptBuildPhase section */

/* Begin PBXSourcesBuildPhase section */
		5ABC031B18581D53002CFEEC /* Sources */ = {
			isa = PBXSourcesBuildPhase;
			buildActionMask = 2147483647;
			files = (
				5ABC033918581D53002CFEEC /* ViewController.m in Sources */,
				12A75BED18AB3E23005BF028 /* PostObject.m in Sources */,
				12D226A018AB747200B255CB /* Reachability.m in Sources */,
				5ABC033318581D53002CFEEC /* AppDelegate.m in Sources */,
				5ABC032F18581D53002CFEEC /* main.m in Sources */,
				12A75BDE18A8ACD1005BF028 /* UIImage+NBA.m in Sources */,
				5A1B18EA187E7482004F4D2B /* WebViewController.m in Sources */,
				12A75BDB18A8866E005BF028 /* PostCell.m in Sources */,
				5AC8641118ECEBEF00715160 /* CustomSegue.m in Sources */,
			);
			runOnlyForDeploymentPostprocessing = 0;
		};
		5ABC033C18581D53002CFEEC /* Sources */ = {
			isa = PBXSourcesBuildPhase;
			buildActionMask = 2147483647;
			files = (
				5ABC034E18581D53002CFEEC /* tableViewPromoTests.m in Sources */,
			);
			runOnlyForDeploymentPostprocessing = 0;
		};
/* End PBXSourcesBuildPhase section */

/* Begin PBXTargetDependency section */
		5ABC034618581D53002CFEEC /* PBXTargetDependency */ = {
			isa = PBXTargetDependency;
			target = 5ABC031E18581D53002CFEEC /* tableViewPromo */;
			targetProxy = 5ABC034518581D53002CFEEC /* PBXContainerItemProxy */;
		};
/* End PBXTargetDependency section */

/* Begin PBXVariantGroup section */
		5ABC032B18581D53002CFEEC /* InfoPlist.strings */ = {
			isa = PBXVariantGroup;
			children = (
				5ABC032C18581D53002CFEEC /* en */,
			);
			name = InfoPlist.strings;
			sourceTree = "<group>";
		};
		5ABC033418581D53002CFEEC /* Main.storyboard */ = {
			isa = PBXVariantGroup;
			children = (
				5ABC033518581D53002CFEEC /* Base */,
			);
			name = Main.storyboard;
			sourceTree = "<group>";
		};
		5ABC034A18581D53002CFEEC /* InfoPlist.strings */ = {
			isa = PBXVariantGroup;
			children = (
				5ABC034B18581D53002CFEEC /* en */,
			);
			name = InfoPlist.strings;
			sourceTree = "<group>";
		};
/* End PBXVariantGroup section */

/* Begin XCBuildConfiguration section */
		5ABC034F18581D53002CFEEC /* Debug */ = {
			isa = XCBuildConfiguration;
			buildSettings = {
				ALWAYS_SEARCH_USER_PATHS = NO;
				ARCHS = "$(ARCHS_STANDARD_INCLUDING_64_BIT)";
				CLANG_CXX_LANGUAGE_STANDARD = "gnu++0x";
				CLANG_CXX_LIBRARY = "libc++";
				CLANG_ENABLE_MODULES = YES;
				CLANG_ENABLE_OBJC_ARC = YES;
				CLANG_WARN_BOOL_CONVERSION = YES;
				CLANG_WARN_CONSTANT_CONVERSION = YES;
				CLANG_WARN_DIRECT_OBJC_ISA_USAGE = YES_ERROR;
				CLANG_WARN_EMPTY_BODY = YES;
				CLANG_WARN_ENUM_CONVERSION = YES;
				CLANG_WARN_INT_CONVERSION = YES;
				CLANG_WARN_OBJC_ROOT_CLASS = YES_ERROR;
				CLANG_WARN__DUPLICATE_METHOD_MATCH = YES;
				"CODE_SIGN_IDENTITY[sdk=iphoneos*]" = "iPhone Developer";
				COPY_PHASE_STRIP = NO;
				GCC_C_LANGUAGE_STANDARD = gnu99;
				GCC_DYNAMIC_NO_PIC = NO;
				GCC_OPTIMIZATION_LEVEL = 0;
				GCC_PREPROCESSOR_DEFINITIONS = (
					"DEBUG=1",
					"$(inherited)",
				);
				GCC_SYMBOLS_PRIVATE_EXTERN = NO;
				GCC_WARN_64_TO_32_BIT_CONVERSION = YES;
				GCC_WARN_ABOUT_RETURN_TYPE = YES_ERROR;
				GCC_WARN_UNDECLARED_SELECTOR = YES;
				GCC_WARN_UNINITIALIZED_AUTOS = YES;
				GCC_WARN_UNUSED_FUNCTION = YES;
				GCC_WARN_UNUSED_VARIABLE = YES;
				IPHONEOS_DEPLOYMENT_TARGET = 7.0;
				ONLY_ACTIVE_ARCH = YES;
				SDKROOT = iphoneos;
			};
			name = Debug;
		};
		5ABC035018581D53002CFEEC /* Release */ = {
			isa = XCBuildConfiguration;
			buildSettings = {
				ALWAYS_SEARCH_USER_PATHS = NO;
				ARCHS = "$(ARCHS_STANDARD_INCLUDING_64_BIT)";
				CLANG_CXX_LANGUAGE_STANDARD = "gnu++0x";
				CLANG_CXX_LIBRARY = "libc++";
				CLANG_ENABLE_MODULES = YES;
				CLANG_ENABLE_OBJC_ARC = YES;
				CLANG_WARN_BOOL_CONVERSION = YES;
				CLANG_WARN_CONSTANT_CONVERSION = YES;
				CLANG_WARN_DIRECT_OBJC_ISA_USAGE = YES_ERROR;
				CLANG_WARN_EMPTY_BODY = YES;
				CLANG_WARN_ENUM_CONVERSION = YES;
				CLANG_WARN_INT_CONVERSION = YES;
				CLANG_WARN_OBJC_ROOT_CLASS = YES_ERROR;
				CLANG_WARN__DUPLICATE_METHOD_MATCH = YES;
				"CODE_SIGN_IDENTITY[sdk=iphoneos*]" = "iPhone Developer";
				COPY_PHASE_STRIP = YES;
				ENABLE_NS_ASSERTIONS = NO;
				GCC_C_LANGUAGE_STANDARD = gnu99;
				GCC_WARN_64_TO_32_BIT_CONVERSION = YES;
				GCC_WARN_ABOUT_RETURN_TYPE = YES_ERROR;
				GCC_WARN_UNDECLARED_SELECTOR = YES;
				GCC_WARN_UNINITIALIZED_AUTOS = YES;
				GCC_WARN_UNUSED_FUNCTION = YES;
				GCC_WARN_UNUSED_VARIABLE = YES;
				IPHONEOS_DEPLOYMENT_TARGET = 7.0;
				SDKROOT = iphoneos;
				VALIDATE_PRODUCT = YES;
			};
			name = Release;
		};
		5ABC035218581D53002CFEEC /* Debug */ = {
			isa = XCBuildConfiguration;
			baseConfigurationReference = CF48EA94FA7A4EFDBDF779AB /* Pods.xcconfig */;
			buildSettings = {
				ASSETCATALOG_COMPILER_APPICON_NAME = AppIcon;
				ASSETCATALOG_COMPILER_LAUNCHIMAGE_NAME = LaunchImage;
				CODE_SIGN_IDENTITY = "iPhone Developer";
				"CODE_SIGN_IDENTITY[sdk=iphoneos*]" = "iPhone Developer";
				GCC_PRECOMPILE_PREFIX_HEADER = YES;
				GCC_PREFIX_HEADER = "tableViewPromo/tableViewPromo-Prefix.pch";
				INFOPLIST_FILE = "tableViewPromo/tableViewPromo-Info.plist";
				PRODUCT_NAME = "$(TARGET_NAME)";
				PROVISIONING_PROFILE = "";
				WRAPPER_EXTENSION = app;
			};
			name = Debug;
		};
		5ABC035318581D53002CFEEC /* Release */ = {
			isa = XCBuildConfiguration;
			baseConfigurationReference = CF48EA94FA7A4EFDBDF779AB /* Pods.xcconfig */;
			buildSettings = {
				ASSETCATALOG_COMPILER_APPICON_NAME = AppIcon;
				ASSETCATALOG_COMPILER_LAUNCHIMAGE_NAME = LaunchImage;
				CODE_SIGN_IDENTITY = "iPhone Developer";
				"CODE_SIGN_IDENTITY[sdk=iphoneos*]" = "iPhone Developer";
				GCC_PRECOMPILE_PREFIX_HEADER = YES;
				GCC_PREFIX_HEADER = "tableViewPromo/tableViewPromo-Prefix.pch";
				INFOPLIST_FILE = "tableViewPromo/tableViewPromo-Info.plist";
				PRODUCT_NAME = "$(TARGET_NAME)";
				PROVISIONING_PROFILE = "";
				WRAPPER_EXTENSION = app;
			};
			name = Release;
		};
		5ABC035518581D53002CFEEC /* Debug */ = {
			isa = XCBuildConfiguration;
			buildSettings = {
				ARCHS = "$(ARCHS_STANDARD_INCLUDING_64_BIT)";
				BUNDLE_LOADER = "$(BUILT_PRODUCTS_DIR)/tableViewPromo.app/tableViewPromo";
				FRAMEWORK_SEARCH_PATHS = (
					"$(SDKROOT)/Developer/Library/Frameworks",
					"$(inherited)",
					"$(DEVELOPER_FRAMEWORKS_DIR)",
				);
				GCC_PRECOMPILE_PREFIX_HEADER = YES;
				GCC_PREFIX_HEADER = "tableViewPromo/tableViewPromo-Prefix.pch";
				GCC_PREPROCESSOR_DEFINITIONS = (
					"DEBUG=1",
					"$(inherited)",
				);
				INFOPLIST_FILE = "tableViewPromoTests/tableViewPromoTests-Info.plist";
				PRODUCT_NAME = "$(TARGET_NAME)";
				TEST_HOST = "$(BUNDLE_LOADER)";
				WRAPPER_EXTENSION = xctest;
			};
			name = Debug;
		};
		5ABC035618581D53002CFEEC /* Release */ = {
			isa = XCBuildConfiguration;
			buildSettings = {
				ARCHS = "$(ARCHS_STANDARD_INCLUDING_64_BIT)";
				BUNDLE_LOADER = "$(BUILT_PRODUCTS_DIR)/tableViewPromo.app/tableViewPromo";
				FRAMEWORK_SEARCH_PATHS = (
					"$(SDKROOT)/Developer/Library/Frameworks",
					"$(inherited)",
					"$(DEVELOPER_FRAMEWORKS_DIR)",
				);
				GCC_PRECOMPILE_PREFIX_HEADER = YES;
				GCC_PREFIX_HEADER = "tableViewPromo/tableViewPromo-Prefix.pch";
				INFOPLIST_FILE = "tableViewPromoTests/tableViewPromoTests-Info.plist";
				PRODUCT_NAME = "$(TARGET_NAME)";
				TEST_HOST = "$(BUNDLE_LOADER)";
				WRAPPER_EXTENSION = xctest;
			};
			name = Release;
		};
/* End XCBuildConfiguration section */

/* Begin XCConfigurationList section */
		5ABC031A18581D53002CFEEC /* Build configuration list for PBXProject "tableViewPromo" */ = {
			isa = XCConfigurationList;
			buildConfigurations = (
				5ABC034F18581D53002CFEEC /* Debug */,
				5ABC035018581D53002CFEEC /* Release */,
			);
			defaultConfigurationIsVisible = 0;
			defaultConfigurationName = Release;
		};
		5ABC035118581D53002CFEEC /* Build configuration list for PBXNativeTarget "tableViewPromo" */ = {
			isa = XCConfigurationList;
			buildConfigurations = (
				5ABC035218581D53002CFEEC /* Debug */,
				5ABC035318581D53002CFEEC /* Release */,
			);
			defaultConfigurationIsVisible = 0;
			defaultConfigurationName = Release;
		};
		5ABC035418581D53002CFEEC /* Build configuration list for PBXNativeTarget "tableViewPromoTests" */ = {
			isa = XCConfigurationList;
			buildConfigurations = (
				5ABC035518581D53002CFEEC /* Debug */,
				5ABC035618581D53002CFEEC /* Release */,
			);
			defaultConfigurationIsVisible = 0;
			defaultConfigurationName = Release;
		};
/* End XCConfigurationList section */
	};
	rootObject = 5ABC031718581D53002CFEEC /* Project object */;
}
